SITE
  remote: http://community.opscode.com/api/v1
  specs:
    apache2 (1.0.0)
    apt (1.1.2)
    build-essential (1.0.0)
    chef_handler (1.0.4)
    git (0.10.0)
      runit (>= 0.0.0)
      yum (>= 0.0.0)
    gpg (0.0.1)
      minitest (>= 0.0.0)
    java (1.1.0)
      apt (>= 0)
    leiningen (0.2.0)
      java (>= 0)
    minitest (0.1.5)
      chef_handler (~> 1.0.4)
    mysql (1.2.2)
      openssl (>= 0.0.0)
    openssl (1.0.0)
    php (1.0.0)
      build-essential (>= 0.0.0)
      mysql (>= 0.0.0)
      xml (>= 0.0.0)
    postfix (0.8.4)
    runit (0.14.2)
    vim (1.0.2)
    xml (1.0.0)
    yum (0.5.2)

GIT
  remote: git@github.com:patcon/chef-drush.git
  ref: refactor
  sha: de1d72009b030becee20615c0c8f453f02aef2ec
  specs:
    drush (0.9.1)
      php (>= 0.0.0)

GIT
  remote: https://github.com/fnichol/chef-jenkins.git
  ref: develop
  sha: 898256c3755e084c93b5c022053388400f2db5e4
  specs:
    jenkins (0.5.0)
      java (>= 0.0.0)
      runit (>= 0.0.0)

PATH
  remote: cookbooks-sources
  specs:
    pennyworth (0.2.1)
      build-essential (>= 0.0.0)
      java (>= 0.0.0)
      jenkins (>= 0.0.0)
      leiningen (>= 0.0.0)
      postfix (>= 0.0.0)
      reprepro (>= 0.0.0)
    pennyworth_drupal (0.0.1)
    reprepro (0.3.0)
      apache2 (>= 0.0.0)
      apt (>= 0.0.0)
      build-essential (>= 0.0.0)
      gpg (>= 0.0.0)

DEPENDENCIES
  apache2 (= 1.0.0)
  apt (= 1.1.2)
  build-essential (= 1.0.0)
  drush (>= 0)
  git (>= 0)
  gpg (= 0.0.1)
  java (= 1.1.0)
  jenkins (>= 0)
  leiningen (= 0.2.0)
  mysql (>= 0)
  pennyworth (>= 0)
  pennyworth_drupal (>= 0)
  php (>= 0)
  postfix (= 0.8.4)
  reprepro (>= 0)
  runit (= 0.14.2)
  vim (>= 0)

